
Microsoft Visual Studio Solution File, Format Version 12.00
# Visual Studio 15
VisualStudioVersion = 15.0.28307.421
MinimumVisualStudioVersion = 10.0.40219.1
Project("{FAE04EC0-301F-11D3-BF4B-00C04F79EFBC}") = "KütüphaneV1", "KütüphaneV1\KütüphaneV1.csproj", "{49A93D6E-7E51-4AEC-9794-81381623ED01}"
EndProject
Global
	GlobalSection(SolutionConfigurationPlatforms) = preSolution
		Debug|Any CPU = Debug|Any CPU
		Release|Any CPU = Release|Any CPU
	EndGlobalSection
	GlobalSection(ProjectConfigurationPlatforms) = postSolution
		{49A93D6E-7E51-4AEC-9794-81381623ED01}.Debug|Any CPU.ActiveCfg = Debug|Any CPU
		{49A93D6E-7E51-4AEC-9794-81381623ED01}.Debug|Any CPU.Build.0 = Debug|Any CPU
		{49A93D6E-7E51-4AEC-9794-81381623ED01}.Release|Any CPU.ActiveCfg = Release|Any CPU
		{49A93D6E-7E51-4AEC-9794-81381623ED01}.Release|Any CPU.Build.0 = Release|Any CPU
	EndGlobalSection
	GlobalSection(SolutionProperties) = preSolution
		HideSolutionNode = FALSE
	EndGlobalSection
	GlobalSection(ExtensibilityGlobals) = postSolution
		SolutionGuid = {E32FEFC1-0A28-4D4E-9502-FFFDFE913A8D}
	EndGlobalSection
EndGlobal
